
Microsoft Visual Studio Solution File, Format Version 12.00
# Visual Studio 2013
VisualStudioVersion = 12.0.30324.0
MinimumVisualStudioVersion = 10.0.40219.1
Project("{F2A71F9B-5D33-465A-A702-920D77279786}") = "FShade.Compiler", "FShade.Compiler\FShade.Compiler.fsproj", "{843B90D4-D949-4A93-9717-467EBC4530C4}"
EndProject
Project("{F2A71F9B-5D33-465A-A702-920D77279786}") = "FShade", "FShade\FShade.fsproj", "{EC6DA69C-E93A-4481-9BB6-440482B1EEB1}"
EndProject
Project("{F2A71F9B-5D33-465A-A702-920D77279786}") = "FShade.Demo", "FShade.Demo\FShade.Demo.fsproj", "{2867B916-7CC3-4A30-8059-CB99AA653EE3}"
EndProject
Project("{F2A71F9B-5D33-465A-A702-920D77279786}") = "FShade.TypeProviders", "FShade.TypeProviders\FShade.TypeProviders.fsproj", "{13D1D916-10C5-4F12-ABBA-82B191848870}"
EndProject
Project("{2150E333-8FDC-42A3-9474-1A3956D46DE8}") = "Demos", "Demos", "{1CDADF81-6D9C-49DA-963F-1FACD296F1E4}"
EndProject
Project("{2150E333-8FDC-42A3-9474-1A3956D46DE8}") = "Core", "Core", "{01E9F782-F660-4822-8D9D-B780F398D3B4}"
EndProject
Project("{F2A71F9B-5D33-465A-A702-920D77279786}") = "FShade.DemoRenderer", "FShade.DemoRenderer\FShade.DemoRenderer.fsproj", "{D68F8DB7-BCB3-41CD-B25B-A6205616118E}"
EndProject
Project("{F2A71F9B-5D33-465A-A702-920D77279786}") = "FShade.Debug", "FShade.Debug\FShade.Debug.fsproj", "{55F1A5A0-F789-4B6A-9968-6DA3DC29F6C3}"
EndProject
Project("{2150E333-8FDC-42A3-9474-1A3956D46DE8}") = "Apps", "Apps", "{C2865272-132A-4916-908D-83C8FBFCBFD8}"
EndProject
Project("{F2A71F9B-5D33-465A-A702-920D77279786}") = "FSCC", "Apps\FSCC\FSCC.fsproj", "{A5FA9F6A-57A6-4D26-BFA2-D6C307808AE6}"
EndProject
Project("{F2A71F9B-5D33-465A-A702-920D77279786}") = "FSCC.Service", "Apps\FSCC.Service\FSCC.Service.fsproj", "{51E19D7B-29B2-4A39-8874-791D92C43A18}"
EndProject
Global
	GlobalSection(SolutionConfigurationPlatforms) = preSolution
		Debug|Any CPU = Debug|Any CPU
		Release|Any CPU = Release|Any CPU
	EndGlobalSection
	GlobalSection(ProjectConfigurationPlatforms) = postSolution
		{843B90D4-D949-4A93-9717-467EBC4530C4}.Debug|Any CPU.ActiveCfg = Debug|Any CPU
		{843B90D4-D949-4A93-9717-467EBC4530C4}.Debug|Any CPU.Build.0 = Debug|Any CPU
		{843B90D4-D949-4A93-9717-467EBC4530C4}.Release|Any CPU.ActiveCfg = Release|Any CPU
		{843B90D4-D949-4A93-9717-467EBC4530C4}.Release|Any CPU.Build.0 = Release|Any CPU
		{EC6DA69C-E93A-4481-9BB6-440482B1EEB1}.Debug|Any CPU.ActiveCfg = Debug|Any CPU
		{EC6DA69C-E93A-4481-9BB6-440482B1EEB1}.Debug|Any CPU.Build.0 = Debug|Any CPU
		{EC6DA69C-E93A-4481-9BB6-440482B1EEB1}.Release|Any CPU.ActiveCfg = Release|Any CPU
		{EC6DA69C-E93A-4481-9BB6-440482B1EEB1}.Release|Any CPU.Build.0 = Release|Any CPU
		{2867B916-7CC3-4A30-8059-CB99AA653EE3}.Debug|Any CPU.ActiveCfg = Debug|Any CPU
		{2867B916-7CC3-4A30-8059-CB99AA653EE3}.Debug|Any CPU.Build.0 = Debug|Any CPU
		{2867B916-7CC3-4A30-8059-CB99AA653EE3}.Release|Any CPU.ActiveCfg = Release|Any CPU
		{2867B916-7CC3-4A30-8059-CB99AA653EE3}.Release|Any CPU.Build.0 = Release|Any CPU
		{13D1D916-10C5-4F12-ABBA-82B191848870}.Debug|Any CPU.ActiveCfg = Debug|Any CPU
		{13D1D916-10C5-4F12-ABBA-82B191848870}.Debug|Any CPU.Build.0 = Debug|Any CPU
		{13D1D916-10C5-4F12-ABBA-82B191848870}.Release|Any CPU.ActiveCfg = Release|Any CPU
		{13D1D916-10C5-4F12-ABBA-82B191848870}.Release|Any CPU.Build.0 = Release|Any CPU
		{D68F8DB7-BCB3-41CD-B25B-A6205616118E}.Debug|Any CPU.ActiveCfg = Debug|Any CPU
		{D68F8DB7-BCB3-41CD-B25B-A6205616118E}.Debug|Any CPU.Build.0 = Debug|Any CPU
		{D68F8DB7-BCB3-41CD-B25B-A6205616118E}.Release|Any CPU.ActiveCfg = Release|Any CPU
		{D68F8DB7-BCB3-41CD-B25B-A6205616118E}.Release|Any CPU.Build.0 = Release|Any CPU
		{55F1A5A0-F789-4B6A-9968-6DA3DC29F6C3}.Debug|Any CPU.ActiveCfg = Debug|Any CPU
		{55F1A5A0-F789-4B6A-9968-6DA3DC29F6C3}.Debug|Any CPU.Build.0 = Debug|Any CPU
		{55F1A5A0-F789-4B6A-9968-6DA3DC29F6C3}.Release|Any CPU.ActiveCfg = Release|Any CPU
		{55F1A5A0-F789-4B6A-9968-6DA3DC29F6C3}.Release|Any CPU.Build.0 = Release|Any CPU
		{A5FA9F6A-57A6-4D26-BFA2-D6C307808AE6}.Debug|Any CPU.ActiveCfg = Debug|Any CPU
		{A5FA9F6A-57A6-4D26-BFA2-D6C307808AE6}.Debug|Any CPU.Build.0 = Debug|Any CPU
		{A5FA9F6A-57A6-4D26-BFA2-D6C307808AE6}.Release|Any CPU.ActiveCfg = Release|Any CPU
		{A5FA9F6A-57A6-4D26-BFA2-D6C307808AE6}.Release|Any CPU.Build.0 = Release|Any CPU
		{51E19D7B-29B2-4A39-8874-791D92C43A18}.Debug|Any CPU.ActiveCfg = Debug|Any CPU
		{51E19D7B-29B2-4A39-8874-791D92C43A18}.Debug|Any CPU.Build.0 = Debug|Any CPU
		{51E19D7B-29B2-4A39-8874-791D92C43A18}.Release|Any CPU.ActiveCfg = Release|Any CPU
		{51E19D7B-29B2-4A39-8874-791D92C43A18}.Release|Any CPU.Build.0 = Release|Any CPU
	EndGlobalSection
	GlobalSection(SolutionProperties) = preSolution
		HideSolutionNode = FALSE
	EndGlobalSection
	GlobalSection(NestedProjects) = preSolution
		{843B90D4-D949-4A93-9717-467EBC4530C4} = {01E9F782-F660-4822-8D9D-B780F398D3B4}
		{EC6DA69C-E93A-4481-9BB6-440482B1EEB1} = {01E9F782-F660-4822-8D9D-B780F398D3B4}
		{2867B916-7CC3-4A30-8059-CB99AA653EE3} = {1CDADF81-6D9C-49DA-963F-1FACD296F1E4}
		{13D1D916-10C5-4F12-ABBA-82B191848870} = {01E9F782-F660-4822-8D9D-B780F398D3B4}
		{D68F8DB7-BCB3-41CD-B25B-A6205616118E} = {1CDADF81-6D9C-49DA-963F-1FACD296F1E4}
		{55F1A5A0-F789-4B6A-9968-6DA3DC29F6C3} = {01E9F782-F660-4822-8D9D-B780F398D3B4}
		{A5FA9F6A-57A6-4D26-BFA2-D6C307808AE6} = {C2865272-132A-4916-908D-83C8FBFCBFD8}
		{51E19D7B-29B2-4A39-8874-791D92C43A18} = {C2865272-132A-4916-908D-83C8FBFCBFD8}
	EndGlobalSection
EndGlobal
