Microsoft Visual Studio Solution File, Format Version 12.00
# Visual Studio Version 16
VisualStudioVersion = 16.0.30011.22
MinimumVisualStudioVersion = 10.0.40219.1
Project("{6EC3EE1D-3C4E-46DD-8F32-0CC8E7565705}") = "FShade.Imperative", "Libs\FShade.Imperative\FShade.Imperative.fsproj", "{1223C55B-5634-4764-B5BD-BF9AD95C073B}"
EndProject
Project("{6EC3EE1D-3C4E-46DD-8F32-0CC8E7565705}") = "FShade.Core", "Libs\FShade.Core\FShade.Core.fsproj", "{0F39C812-B7FB-4210-9E83-19D85A1CD10D}"
EndProject
Project("{2150E333-8FDC-42A3-9474-1A3956D46DE8}") = "Library", "Library", "{DED21639-183F-4933-8C0B-29D298275C9F}"
EndProject
Project("{2150E333-8FDC-42A3-9474-1A3956D46DE8}") = "Tests", "Tests", "{686A736B-81BD-4A26-8B4C-0A7D1AED5150}"
EndProject
Project("{6EC3EE1D-3C4E-46DD-8F32-0CC8E7565705}") = "FShade.GLSL", "Libs\FShade.GLSL\FShade.GLSL.fsproj", "{13AF9C38-CCA2-47C5-B4DE-A7342F0D2961}"
EndProject
Project("{6EC3EE1D-3C4E-46DD-8F32-0CC8E7565705}") = "FShade.SpirV", "Libs\FShade.SpirV\FShade.SpirV.fsproj", "{9AF9AA30-5FB6-4420-9A8E-0220BD3357B7}"
EndProject
Project("{2150E333-8FDC-42A3-9474-1A3956D46DE8}") = "Backends", "Backends", "{CEF43A76-2F21-480D-8C72-017EF75E1079}"
EndProject
Project("{6EC3EE1D-3C4E-46DD-8F32-0CC8E7565705}") = "FShade.Debug", "Libs\FShade.Debug\FShade.Debug.fsproj", "{9780FD2C-EF72-48E9-813E-BCC120423738}"
EndProject
Project("{6EC3EE1D-3C4E-46DD-8F32-0CC8E7565705}") = "FShade.Core.Tests", "Tests\FShade.Core.Tests\FShade.Core.Tests.fsproj", "{62361729-0158-4F5A-84B9-F99DC1FB8F68}"
EndProject
Project("{6EC3EE1D-3C4E-46DD-8F32-0CC8E7565705}") = "FShade.Demo", "Tests\FShade.Demo\FShade.Demo.fsproj", "{5D7411A4-C6A7-459F-A418-173F8CF611B9}"
EndProject
Project("{F2A71F9B-5D33-465A-A702-920D77279786}") = "FShade.GLSL.Tests", "Tests\FShade.GLSL.Tests\FShade.GLSL.Tests.fsproj", "{F692FFEE-C41D-4422-8B42-3B6F3695C19E}"
EndProject
Global
	GlobalSection(SolutionConfigurationPlatforms) = preSolution
		Debug|Any CPU = Debug|Any CPU
		Release|Any CPU = Release|Any CPU
	EndGlobalSection
	GlobalSection(ProjectConfigurationPlatforms) = postSolution
		{1223C55B-5634-4764-B5BD-BF9AD95C073B}.Debug|Any CPU.ActiveCfg = Debug|Any CPU
		{1223C55B-5634-4764-B5BD-BF9AD95C073B}.Debug|Any CPU.Build.0 = Debug|Any CPU
		{1223C55B-5634-4764-B5BD-BF9AD95C073B}.Release|Any CPU.ActiveCfg = Release|Any CPU
		{1223C55B-5634-4764-B5BD-BF9AD95C073B}.Release|Any CPU.Build.0 = Release|Any CPU
		{0F39C812-B7FB-4210-9E83-19D85A1CD10D}.Debug|Any CPU.ActiveCfg = Debug|Any CPU
		{0F39C812-B7FB-4210-9E83-19D85A1CD10D}.Debug|Any CPU.Build.0 = Debug|Any CPU
		{0F39C812-B7FB-4210-9E83-19D85A1CD10D}.Release|Any CPU.ActiveCfg = Release|Any CPU
		{0F39C812-B7FB-4210-9E83-19D85A1CD10D}.Release|Any CPU.Build.0 = Release|Any CPU
		{13AF9C38-CCA2-47C5-B4DE-A7342F0D2961}.Debug|Any CPU.ActiveCfg = Debug|Any CPU
		{13AF9C38-CCA2-47C5-B4DE-A7342F0D2961}.Debug|Any CPU.Build.0 = Debug|Any CPU
		{13AF9C38-CCA2-47C5-B4DE-A7342F0D2961}.Release|Any CPU.ActiveCfg = Release|Any CPU
		{13AF9C38-CCA2-47C5-B4DE-A7342F0D2961}.Release|Any CPU.Build.0 = Release|Any CPU
		{9AF9AA30-5FB6-4420-9A8E-0220BD3357B7}.Debug|Any CPU.ActiveCfg = Debug|Any CPU
		{9AF9AA30-5FB6-4420-9A8E-0220BD3357B7}.Debug|Any CPU.Build.0 = Debug|Any CPU
		{9AF9AA30-5FB6-4420-9A8E-0220BD3357B7}.Release|Any CPU.ActiveCfg = Release|Any CPU
		{9AF9AA30-5FB6-4420-9A8E-0220BD3357B7}.Release|Any CPU.Build.0 = Release|Any CPU
		{9780FD2C-EF72-48E9-813E-BCC120423738}.Debug|Any CPU.ActiveCfg = Debug|Any CPU
		{9780FD2C-EF72-48E9-813E-BCC120423738}.Debug|Any CPU.Build.0 = Debug|Any CPU
		{9780FD2C-EF72-48E9-813E-BCC120423738}.Release|Any CPU.ActiveCfg = Release|Any CPU
		{9780FD2C-EF72-48E9-813E-BCC120423738}.Release|Any CPU.Build.0 = Release|Any CPU
		{62361729-0158-4F5A-84B9-F99DC1FB8F68}.Debug|Any CPU.ActiveCfg = Debug|Any CPU
		{62361729-0158-4F5A-84B9-F99DC1FB8F68}.Debug|Any CPU.Build.0 = Debug|Any CPU
		{62361729-0158-4F5A-84B9-F99DC1FB8F68}.Release|Any CPU.ActiveCfg = Release|Any CPU
		{62361729-0158-4F5A-84B9-F99DC1FB8F68}.Release|Any CPU.Build.0 = Release|Any CPU
		{5D7411A4-C6A7-459F-A418-173F8CF611B9}.Debug|Any CPU.ActiveCfg = Debug|Any CPU
		{5D7411A4-C6A7-459F-A418-173F8CF611B9}.Debug|Any CPU.Build.0 = Debug|Any CPU
		{5D7411A4-C6A7-459F-A418-173F8CF611B9}.Release|Any CPU.ActiveCfg = Release|Any CPU
		{5D7411A4-C6A7-459F-A418-173F8CF611B9}.Release|Any CPU.Build.0 = Release|Any CPU
		{F692FFEE-C41D-4422-8B42-3B6F3695C19E}.Debug|Any CPU.ActiveCfg = Debug|Any CPU
		{F692FFEE-C41D-4422-8B42-3B6F3695C19E}.Debug|Any CPU.Build.0 = Debug|Any CPU
		{F692FFEE-C41D-4422-8B42-3B6F3695C19E}.Release|Any CPU.ActiveCfg = Release|Any CPU
		{F692FFEE-C41D-4422-8B42-3B6F3695C19E}.Release|Any CPU.Build.0 = Release|Any CPU
	EndGlobalSection
	GlobalSection(SolutionProperties) = preSolution
		HideSolutionNode = FALSE
	EndGlobalSection
	GlobalSection(NestedProjects) = preSolution
		{1223C55B-5634-4764-B5BD-BF9AD95C073B} = {DED21639-183F-4933-8C0B-29D298275C9F}
		{0F39C812-B7FB-4210-9E83-19D85A1CD10D} = {DED21639-183F-4933-8C0B-29D298275C9F}
		{13AF9C38-CCA2-47C5-B4DE-A7342F0D2961} = {CEF43A76-2F21-480D-8C72-017EF75E1079}
		{9AF9AA30-5FB6-4420-9A8E-0220BD3357B7} = {CEF43A76-2F21-480D-8C72-017EF75E1079}
		{9780FD2C-EF72-48E9-813E-BCC120423738} = {DED21639-183F-4933-8C0B-29D298275C9F}
		{62361729-0158-4F5A-84B9-F99DC1FB8F68} = {686A736B-81BD-4A26-8B4C-0A7D1AED5150}
		{5D7411A4-C6A7-459F-A418-173F8CF611B9} = {686A736B-81BD-4A26-8B4C-0A7D1AED5150}
		{F692FFEE-C41D-4422-8B42-3B6F3695C19E} = {686A736B-81BD-4A26-8B4C-0A7D1AED5150}
	EndGlobalSection
	GlobalSection(ExtensibilityGlobals) = postSolution
		SolutionGuid = {C16A5D1C-CE3C-4F04-8C5E-55E39649BD6D}
	EndGlobalSection
EndGlobal
